
Microsoft Visual Studio Solution File, Format Version 12.00
# Visual Studio 15
VisualStudioVersion = 15.0.28010.2041
MinimumVisualStudioVersion = 10.0.40219.1
Project("{FAE04EC0-301F-11D3-BF4B-00C04F79EFBC}") = "mrs-front", "mrs-front\mrs-front.csproj", "{F903D888-0560-44F7-B6C3-8705B533A762}"
EndProject
Global
	GlobalSection(SolutionConfigurationPlatforms) = preSolution
		Debug|Any CPU = Debug|Any CPU
		Release|Any CPU = Release|Any CPU
	EndGlobalSection
	GlobalSection(ProjectConfigurationPlatforms) = postSolution
		{F903D888-0560-44F7-B6C3-8705B533A762}.Debug|Any CPU.ActiveCfg = Debug|Any CPU
		{F903D888-0560-44F7-B6C3-8705B533A762}.Debug|Any CPU.Build.0 = Debug|Any CPU
		{F903D888-0560-44F7-B6C3-8705B533A762}.Release|Any CPU.ActiveCfg = Release|Any CPU
		{F903D888-0560-44F7-B6C3-8705B533A762}.Release|Any CPU.Build.0 = Release|Any CPU
	EndGlobalSection
	GlobalSection(SolutionProperties) = preSolution
		HideSolutionNode = FALSE
	EndGlobalSection
	GlobalSection(ExtensibilityGlobals) = postSolution
		SolutionGuid = {B9CCDF02-069C-414E-B47D-F104981F983B}
	EndGlobalSection
EndGlobal
